{
  "name": "buf-plain",
  "version": "1.0.0",
  "lockfileVersion": 2,
  "requires": true,
  "packages": {
    "": {
      "name": "buf-plain",
      "version": "1.0.0",
      "license": "ISC",
      "dependencies": {
        "esbuild": "^0.15.16",
        "typescript": "^4.9.3"
      },
      "devDependencies": {
        "@bufbuild/connect-web": "^0.5.0",
        "@bufbuild/protobuf": "^1.0.0",
        "@bufbuild/protoc-gen-connect-web": "^0.5.0",
        "@bufbuild/protoc-gen-es": "^1.0.0"
      }
    },
    "node_modules/@bufbuild/connect-web": {
      "version": "0.5.0",
      "resolved": "https://registry.npmjs.org/@bufbuild/connect-web/-/connect-web-0.5.0.tgz",
      "integrity": "sha512-vuPKp6p16g6uRSXzEtLdvrUfWFYPXCCGta8BHOo1G67TI0IZXn3/BewgnKsHb/j+a1vA01kqCRhRZnNjbR3RLg==",
      "dev": true,
      "peerDependencies": {
        "@bufbuild/protobuf": "^1.0.0"
      }
    },
    "node_modules/@bufbuild/protobuf": {
      "version": "1.0.0",
      "resolved": "https://registry.npmjs.org/@bufbuild/protobuf/-/protobuf-1.0.0.tgz",
      "integrity": "sha512-oH3jHBrZ6to8Qf4zLg7O8KqSY42kQZNBRXJRMp5uSi0mqE4L8NbyMnZHeOsbXmTb0xpptRyH11LfS+KeVhXzAA==",
      "dev": true
    },
    "node_modules/@bufbuild/protoc-gen-connect-web": {
      "version": "0.5.0",
      "resolved": "https://registry.npmjs.org/@bufbuild/protoc-gen-connect-web/-/protoc-gen-connect-web-0.5.0.tgz",
      "integrity": "sha512-sAgx5E6v8ciqRCaMSJZkuvByKyXz7GJi2qs456hru3aQjieBURdPmVkCnQ1IG/kNd10/NHQMF9saOwR6g8eFNQ==",
      "dev": true,
      "dependencies": {
        "@bufbuild/protoplugin": "^1.0.0"
      },
      "bin": {
        "protoc-gen-connect-web": "bin/protoc-gen-connect-web"
      },
      "engines": {
        "node": ">=14"
      },
      "peerDependencies": {
        "@bufbuild/connect-web": "0.5.0",
        "@bufbuild/protoc-gen-es": "^1.0.0"
      },
      "peerDependenciesMeta": {
        "@bufbuild/connect-web": {
          "optional": true
        },
        "@bufbuild/protoc-gen-es": {
          "optional": true
        }
      }
    },
    "node_modules/@bufbuild/protoc-gen-es": {
      "version": "1.0.0",
      "resolved": "https://registry.npmjs.org/@bufbuild/protoc-gen-es/-/protoc-gen-es-1.0.0.tgz",
      "integrity": "sha512-3NZzjw2hbeO7JFUZ70W4UOkaMyOC6hJfJP4uDczyWWTXoCr2TPDfPyLE2U8DBpKufneLS1YBhFJPPv4QvJkiPA==",
      "dev": true,
      "dependencies": {
        "@bufbuild/protoplugin": "1.0.0"
      },
      "bin": {
        "protoc-gen-es": "bin/protoc-gen-es"
      },
      "engines": {
        "node": ">=14"
      },
      "peerDependencies": {
        "@bufbuild/protobuf": "1.0.0"
      },
      "peerDependenciesMeta": {
        "@bufbuild/protobuf": {
          "optional": true
        }
      }
    },
    "node_modules/@bufbuild/protoplugin": {
      "version": "1.0.0",
      "resolved": "https://registry.npmjs.org/@bufbuild/protoplugin/-/protoplugin-1.0.0.tgz",
      "integrity": "sha512-L7z2/4MgP36QGEAh8T4OYrdMRv//LAw4gGpL8D3cziE21uP6FLzLKpIxJ4aJBoUyHyS53tpZMpb0djbxYDecFA==",
      "dev": true,
      "dependencies": {
        "@bufbuild/protobuf": "1.0.0",
        "@typescript/vfs": "^1.4.0",
        "typescript": "4.5.2"
      }
    },
    "node_modules/@bufbuild/protoplugin/node_modules/typescript": {
      "version": "4.5.2",
      "resolved": "https://registry.npmjs.org/typescript/-/typescript-4.5.2.tgz",
      "integrity": "sha512-5BlMof9H1yGt0P8/WF+wPNw6GfctgGjXp5hkblpyT+8rkASSmkUKMXrxR0Xg8ThVCi/JnHQiKXeBaEwCeQwMFw==",
      "dev": true,
      "bin": {
        "tsc": "bin/tsc",
        "tsserver": "bin/tsserver"
      },
      "engines": {
        "node": ">=4.2.0"
      }
    },
    "node_modules/@esbuild/android-arm": {
      "version": "0.15.16",
      "resolved": "https://registry.npmjs.org/@esbuild/android-arm/-/android-arm-0.15.16.tgz",
      "integrity": "sha512-nyB6CH++2mSgx3GbnrJsZSxzne5K0HMyNIWafDHqYy7IwxFc4fd/CgHVZXr8Eh+Q3KbIAcAe3vGyqIPhGblvMQ==",
      "cpu": [
        "arm"
      ],
      "optional": true,
      "os": [
        "android"
      ],
      "engines": {
        "node": ">=12"
      }
    },
    "node_modules/@esbuild/linux-loong64": {
      "version": "0.15.16",
      "resolved": "https://registry.npmjs.org/@esbuild/linux-loong64/-/linux-loong64-0.15.16.tgz",
      "integrity": "sha512-SDLfP1uoB0HZ14CdVYgagllgrG7Mdxhkt4jDJOKl/MldKrkQ6vDJMZKl2+5XsEY/Lzz37fjgLQoJBGuAw/x8kQ==",
      "cpu": [
        "loong64"
      ],
      "optional": true,
      "os": [
        "linux"
      ],
      "engines": {
        "node": ">=12"
      }
    },
    "node_modules/@typescript/vfs": {
      "version": "1.4.0",
      "resolved": "https://registry.npmjs.org/@typescript/vfs/-/vfs-1.4.0.tgz",
      "integrity": "sha512-Pood7yv5YWMIX+yCHo176OnF8WUlKGImFG7XlsuH14Zb1YN5+dYD3uUtS7lqZtsH7tAveNUi2NzdpQCN0yRbaw==",
      "dev": true,
      "dependencies": {
        "debug": "^4.1.1"
      }
    },
    "node_modules/debug": {
      "version": "4.3.4",
      "resolved": "https://registry.npmjs.org/debug/-/debug-4.3.4.tgz",
      "integrity": "sha512-PRWFHuSU3eDtQJPvnNY7Jcket1j0t5OuOsFzPPzsekD52Zl8qUfFIPEiswXqIvHWGVHOgX+7G/vCNNhehwxfkQ==",
      "dev": true,
      "dependencies": {
        "ms": "2.1.2"
      },
      "engines": {
        "node": ">=6.0"
      },
      "peerDependenciesMeta": {
        "supports-color": {
          "optional": true
        }
      }
    },
    "node_modules/esbuild": {
      "version": "0.15.16",
      "resolved": "https://registry.npmjs.org/esbuild/-/esbuild-0.15.16.tgz",
      "integrity": "sha512-o6iS9zxdHrrojjlj6pNGC2NAg86ECZqIETswTM5KmJitq+R1YmahhWtMumeQp9lHqJaROGnsBi2RLawGnfo5ZQ==",
      "hasInstallScript": true,
      "bin": {
        "esbuild": "bin/esbuild"
      },
      "engines": {
        "node": ">=12"
      },
      "optionalDependencies": {
        "@esbuild/android-arm": "0.15.16",
        "@esbuild/linux-loong64": "0.15.16",
        "esbuild-android-64": "0.15.16",
        "esbuild-android-arm64": "0.15.16",
        "esbuild-darwin-64": "0.15.16",
        "esbuild-darwin-arm64": "0.15.16",
        "esbuild-freebsd-64": "0.15.16",
        "esbuild-freebsd-arm64": "0.15.16",
        "esbuild-linux-32": "0.15.16",
        "esbuild-linux-64": "0.15.16",
        "esbuild-linux-arm": "0.15.16",
        "esbuild-linux-arm64": "0.15.16",
        "esbuild-linux-mips64le": "0.15.16",
        "esbuild-linux-ppc64le": "0.15.16",
        "esbuild-linux-riscv64": "0.15.16",
        "esbuild-linux-s390x": "0.15.16",
        "esbuild-netbsd-64": "0.15.16",
        "esbuild-openbsd-64": "0.15.16",
        "esbuild-sunos-64": "0.15.16",
        "esbuild-windows-32": "0.15.16",
        "esbuild-windows-64": "0.15.16",
        "esbuild-windows-arm64": "0.15.16"
      }
    },
    "node_modules/esbuild-android-64": {
      "version": "0.15.16",
      "resolved": "https://registry.npmjs.org/esbuild-android-64/-/esbuild-android-64-0.15.16.tgz",
      "integrity": "sha512-Vwkv/sT0zMSgPSVO3Jlt1pUbnZuOgtOQJkJkyyJFAlLe7BiT8e9ESzo0zQSx4c3wW4T6kGChmKDPMbWTgtliQA==",
      "cpu": [
        "x64"
      ],
      "optional": true,
      "os": [
        "android"
      ],
      "engines": {
        "node": ">=12"
      }
    },
    "node_modules/esbuild-android-arm64": {
      "version": "0.15.16",
      "resolved": "https://registry.npmjs.org/esbuild-android-arm64/-/esbuild-android-arm64-0.15.16.tgz",
      "integrity": "sha512-lqfKuofMExL5niNV3gnhMUYacSXfsvzTa/58sDlBET/hCOG99Zmeh+lz6kvdgvGOsImeo6J9SW21rFCogNPLxg==",
      "cpu": [
        "arm64"
      ],
      "optional": true,
      "os": [
        "android"
      ],
      "engines": {
        "node": ">=12"
      }
    },
    "node_modules/esbuild-darwin-64": {
      "version": "0.15.16",
      "resolved": "https://registry.npmjs.org/esbuild-darwin-64/-/esbuild-darwin-64-0.15.16.tgz",
      "integrity": "sha512-wo2VWk/n/9V2TmqUZ/KpzRjCEcr00n7yahEdmtzlrfQ3lfMCf3Wa+0sqHAbjk3C6CKkR3WKK/whkMq5Gj4Da9g==",
      "cpu": [
        "x64"
      ],
      "optional": true,
      "os": [
        "darwin"
      ],
      "engines": {
        "node": ">=12"
      }
    },
    "node_modules/esbuild-darwin-arm64": {
      "version": "0.15.16",
      "resolved": "https://registry.npmjs.org/esbuild-darwin-arm64/-/esbuild-darwin-arm64-0.15.16.tgz",
      "integrity": "sha512-fMXaUr5ou0M4WnewBKsspMtX++C1yIa3nJ5R2LSbLCfJT3uFdcRoU/NZjoM4kOMKyOD9Sa/2vlgN8G07K3SJnw==",
      "cpu": [
        "arm64"
      ],
      "optional": true,
      "os": [
        "darwin"
      ],
      "engines": {
        "node": ">=12"
      }
    },
    "node_modules/esbuild-freebsd-64": {
      "version": "0.15.16",
      "resolved": "https://registry.npmjs.org/esbuild-freebsd-64/-/esbuild-freebsd-64-0.15.16.tgz",
      "integrity": "sha512-UzIc0xlRx5x9kRuMr+E3+hlSOxa/aRqfuMfiYBXu2jJ8Mzej4lGL7+o6F5hzhLqWfWm1GWHNakIdlqg1ayaTNQ==",
      "cpu": [
        "x64"
      ],
      "optional": true,
      "os": [
        "freebsd"
      ],
      "engines": {
        "node": ">=12"
      }
    },
    "node_modules/esbuild-freebsd-arm64": {
      "version": "0.15.16",
      "resolved": "https://registry.npmjs.org/esbuild-freebsd-arm64/-/esbuild-freebsd-arm64-0.15.16.tgz",
      "integrity": "sha512-8xyiYuGc0DLZphFQIiYaLHlfoP+hAN9RHbE+Ibh8EUcDNHAqbQgUrQg7pE7Bo00rXmQ5Ap6KFgcR0b4ALZls1g==",
      "cpu": [
        "arm64"
      ],
      "optional": true,
      "os": [
        "freebsd"
      ],
      "engines": {
        "node": ">=12"
      }
    },
    "node_modules/esbuild-linux-32": {
      "version": "0.15.16",
      "resolved": "https://registry.npmjs.org/esbuild-linux-32/-/esbuild-linux-32-0.15.16.tgz",
      "integrity": "sha512-iGijUTV+0kIMyUVoynK0v+32Oi8yyp0xwMzX69GX+5+AniNy/C/AL1MjFTsozRp/3xQPl7jVux/PLe2ds10/2w==",
      "cpu": [
        "ia32"
      ],
      "optional": true,
      "os": [
        "linux"
      ],
      "engines": {
        "node": ">=12"
      }
    },
    "node_modules/esbuild-linux-64": {
      "version": "0.15.16",
      "resolved": "https://registry.npmjs.org/esbuild-linux-64/-/esbuild-linux-64-0.15.16.tgz",
      "integrity": "sha512-tuSOjXdLw7VzaUj89fIdAaQT7zFGbKBcz4YxbWrOiXkwscYgE7HtTxUavreBbnRkGxKwr9iT/gmeJWNm4djy/g==",
      "cpu": [
        "x64"
      ],
      "optional": true,
      "os": [
        "linux"
      ],
      "engines": {
        "node": ">=12"
      }
    },
    "node_modules/esbuild-linux-arm": {
      "version": "0.15.16",
      "resolved": "https://registry.npmjs.org/esbuild-linux-arm/-/esbuild-linux-arm-0.15.16.tgz",
      "integrity": "sha512-XKcrxCEXDTOuoRj5l12tJnkvuxXBMKwEC5j0JISw3ziLf0j4zIwXbKbTmUrKFWbo6ZgvNpa7Y5dnbsjVvH39bQ==",
      "cpu": [
        "arm"
      ],
      "optional": true,
      "os": [
        "linux"
      ],
      "engines": {
        "node": ">=12"
      }
    },
    "node_modules/esbuild-linux-arm64": {
      "version": "0.15.16",
      "resolved": "https://registry.npmjs.org/esbuild-linux-arm64/-/esbuild-linux-arm64-0.15.16.tgz",
      "integrity": "sha512-mPYksnfHnemNrvjrDhZyixL/AfbJN0Xn9S34ZOHYdh6/jJcNd8iTsv3JwJoEvTJqjMggjMhGUPJAdjnFBHoH8A==",
      "cpu": [
        "arm64"
      ],
      "optional": true,
      "os": [
        "linux"
      ],
      "engines": {
        "node": ">=12"
      }
    },
    "node_modules/esbuild-linux-mips64le": {
      "version": "0.15.16",
      "resolved": "https://registry.npmjs.org/esbuild-linux-mips64le/-/esbuild-linux-mips64le-0.15.16.tgz",
      "integrity": "sha512-kSJO2PXaxfm0pWY39+YX+QtpFqyyrcp0ZeI8QPTrcFVQoWEPiPVtOfTZeS3ZKedfH+Ga38c4DSzmKMQJocQv6A==",
      "cpu": [
        "mips64el"
      ],
      "optional": true,
      "os": [
        "linux"
      ],
      "engines": {
        "node": ">=12"
      }
    },
    "node_modules/esbuild-linux-ppc64le": {
      "version": "0.15.16",
      "resolved": "https://registry.npmjs.org/esbuild-linux-ppc64le/-/esbuild-linux-ppc64le-0.15.16.tgz",
      "integrity": "sha512-NimPikwkBY0yGABw6SlhKrtT35sU4O23xkhlrTT/O6lSxv3Pm5iSc6OYaqVAHWkLdVf31bF4UDVFO+D990WpAA==",
      "cpu": [
        "ppc64"
      ],
      "optional": true,
      "os": [
        "linux"
      ],
      "engines": {
        "node": ">=12"
      }
    },
    "node_modules/esbuild-linux-riscv64": {
      "version": "0.15.16",
      "resolved": "https://registry.npmjs.org/esbuild-linux-riscv64/-/esbuild-linux-riscv64-0.15.16.tgz",
      "integrity": "sha512-ty2YUHZlwFOwp7pR+J87M4CVrXJIf5ZZtU/umpxgVJBXvWjhziSLEQxvl30SYfUPq0nzeWKBGw5i/DieiHeKfw==",
      "cpu": [
        "riscv64"
      ],
      "optional": true,
      "os": [
        "linux"
      ],
      "engines": {
        "node": ">=12"
      }
    },
    "node_modules/esbuild-linux-s390x": {
      "version": "0.15.16",
      "resolved": "https://registry.npmjs.org/esbuild-linux-s390x/-/esbuild-linux-s390x-0.15.16.tgz",
      "integrity": "sha512-VkZaGssvPDQtx4fvVdZ9czezmyWyzpQhEbSNsHZZN0BHvxRLOYAQ7sjay8nMQwYswP6O2KlZluRMNPYefFRs+w==",
      "cpu": [
        "s390x"
      ],
      "optional": true,
      "os": [
        "linux"
      ],
      "engines": {
        "node": ">=12"
      }
    },
    "node_modules/esbuild-netbsd-64": {
      "version": "0.15.16",
      "resolved": "https://registry.npmjs.org/esbuild-netbsd-64/-/esbuild-netbsd-64-0.15.16.tgz",
      "integrity": "sha512-ElQ9rhdY51et6MJTWrCPbqOd/YuPowD7Cxx3ee8wlmXQQVW7UvQI6nSprJ9uVFQISqSF5e5EWpwWqXZsECLvXg==",
      "cpu": [
        "x64"
      ],
      "optional": true,
      "os": [
        "netbsd"
      ],
      "engines": {
        "node": ">=12"
      }
    },
    "node_modules/esbuild-openbsd-64": {
      "version": "0.15.16",
      "resolved": "https://registry.npmjs.org/esbuild-openbsd-64/-/esbuild-openbsd-64-0.15.16.tgz",
      "integrity": "sha512-KgxMHyxMCT+NdLQE1zVJEsLSt2QQBAvJfmUGDmgEq8Fvjrf6vSKB00dVHUEDKcJwMID6CdgCpvYNt999tIYhqA==",
      "cpu": [
        "x64"
      ],
      "optional": true,
      "os": [
        "openbsd"
      ],
      "engines": {
        "node": ">=12"
      }
    },
    "node_modules/esbuild-sunos-64": {
      "version": "0.15.16",
      "resolved": "https://registry.npmjs.org/esbuild-sunos-64/-/esbuild-sunos-64-0.15.16.tgz",
      "integrity": "sha512-exSAx8Phj7QylXHlMfIyEfNrmqnLxFqLxdQF6MBHPdHAjT7fsKaX6XIJn+aQEFiOcE4X8e7VvdMCJ+WDZxjSRQ==",
      "cpu": [
        "x64"
      ],
      "optional": true,
      "os": [
        "sunos"
      ],
      "engines": {
        "node": ">=12"
      }
    },
    "node_modules/esbuild-windows-32": {
      "version": "0.15.16",
      "resolved": "https://registry.npmjs.org/esbuild-windows-32/-/esbuild-windows-32-0.15.16.tgz",
      "integrity": "sha512-zQgWpY5pUCSTOwqKQ6/vOCJfRssTvxFuEkpB4f2VUGPBpdddZfdj8hbZuFRdZRPIVHvN7juGcpgCA/XCF37mAQ==",
      "cpu": [
        "ia32"
      ],
      "optional": true,
      "os": [
        "win32"
      ],
      "engines": {
        "node": ">=12"
      }
    },
    "node_modules/esbuild-windows-64": {
      "version": "0.15.16",
      "resolved": "https://registry.npmjs.org/esbuild-windows-64/-/esbuild-windows-64-0.15.16.tgz",
      "integrity": "sha512-HjW1hHRLSncnM3MBCP7iquatHVJq9l0S2xxsHHj4yzf4nm9TU4Z7k4NkeMlD/dHQ4jPlQQhwcMvwbJiOefSuZw==",
      "cpu": [
        "x64"
      ],
      "optional": true,
      "os": [
        "win32"
      ],
      "engines": {
        "node": ">=12"
      }
    },
    "node_modules/esbuild-windows-arm64": {
      "version": "0.15.16",
      "resolved": "https://registry.npmjs.org/esbuild-windows-arm64/-/esbuild-windows-arm64-0.15.16.tgz",
      "integrity": "sha512-oCcUKrJaMn04Vxy9Ekd8x23O8LoU01+4NOkQ2iBToKgnGj5eo1vU9i27NQZ9qC8NFZgnQQZg5oZWAejmbsppNA==",
      "cpu": [
        "arm64"
      ],
      "optional": true,
      "os": [
        "win32"
      ],
      "engines": {
        "node": ">=12"
      }
    },
    "node_modules/ms": {
      "version": "2.1.2",
      "resolved": "https://registry.npmjs.org/ms/-/ms-2.1.2.tgz",
      "integrity": "sha512-sGkPx+VjMtmA6MX27oA4FBFELFCZZ4S4XqeGOXCv68tT+jb3vk/RyaKWP0PTKyWtmLSM0b+adUTEvbs1PEaH2w==",
      "dev": true
    },
    "node_modules/typescript": {
      "version": "4.9.3",
      "resolved": "https://registry.npmjs.org/typescript/-/typescript-4.9.3.tgz",
      "integrity": "sha512-CIfGzTelbKNEnLpLdGFgdyKhG23CKdKgQPOBc+OUNrkJ2vr+KSzsSV5kq5iWhEQbok+quxgGzrAtGWCyU7tHnA==",
      "bin": {
        "tsc": "bin/tsc",
        "tsserver": "bin/tsserver"
      },
      "engines": {
        "node": ">=4.2.0"
      }
    }
  },
  "dependencies": {
    "@bufbuild/connect-web": {
      "version": "0.5.0",
      "resolved": "https://registry.npmjs.org/@bufbuild/connect-web/-/connect-web-0.5.0.tgz",
      "integrity": "sha512-vuPKp6p16g6uRSXzEtLdvrUfWFYPXCCGta8BHOo1G67TI0IZXn3/BewgnKsHb/j+a1vA01kqCRhRZnNjbR3RLg==",
      "dev": true,
      "requires": {}
    },
    "@bufbuild/protobuf": {
      "version": "1.0.0",
      "resolved": "https://registry.npmjs.org/@bufbuild/protobuf/-/protobuf-1.0.0.tgz",
      "integrity": "sha512-oH3jHBrZ6to8Qf4zLg7O8KqSY42kQZNBRXJRMp5uSi0mqE4L8NbyMnZHeOsbXmTb0xpptRyH11LfS+KeVhXzAA==",
      "dev": true
    },
    "@bufbuild/protoc-gen-connect-web": {
      "version": "0.5.0",
      "resolved": "https://registry.npmjs.org/@bufbuild/protoc-gen-connect-web/-/protoc-gen-connect-web-0.5.0.tgz",
      "integrity": "sha512-sAgx5E6v8ciqRCaMSJZkuvByKyXz7GJi2qs456hru3aQjieBURdPmVkCnQ1IG/kNd10/NHQMF9saOwR6g8eFNQ==",
      "dev": true,
      "requires": {
        "@bufbuild/protoplugin": "^1.0.0"
      }
    },
    "@bufbuild/protoc-gen-es": {
      "version": "1.0.0",
      "resolved": "https://registry.npmjs.org/@bufbuild/protoc-gen-es/-/protoc-gen-es-1.0.0.tgz",
      "integrity": "sha512-3NZzjw2hbeO7JFUZ70W4UOkaMyOC6hJfJP4uDczyWWTXoCr2TPDfPyLE2U8DBpKufneLS1YBhFJPPv4QvJkiPA==",
      "dev": true,
      "requires": {
        "@bufbuild/protoplugin": "1.0.0"
      }
    },
    "@bufbuild/protoplugin": {
      "version": "1.0.0",
      "resolved": "https://registry.npmjs.org/@bufbuild/protoplugin/-/protoplugin-1.0.0.tgz",
      "integrity": "sha512-L7z2/4MgP36QGEAh8T4OYrdMRv//LAw4gGpL8D3cziE21uP6FLzLKpIxJ4aJBoUyHyS53tpZMpb0djbxYDecFA==",
      "dev": true,
      "requires": {
        "@bufbuild/protobuf": "1.0.0",
        "@typescript/vfs": "^1.4.0",
        "typescript": "4.5.2"
      },
      "dependencies": {
        "typescript": {
          "version": "4.5.2",
          "resolved": "https://registry.npmjs.org/typescript/-/typescript-4.5.2.tgz",
          "integrity": "sha512-5BlMof9H1yGt0P8/WF+wPNw6GfctgGjXp5hkblpyT+8rkASSmkUKMXrxR0Xg8ThVCi/JnHQiKXeBaEwCeQwMFw==",
          "dev": true
        }
      }
    },
    "@esbuild/android-arm": {
      "version": "0.15.16",
      "resolved": "https://registry.npmjs.org/@esbuild/android-arm/-/android-arm-0.15.16.tgz",
      "integrity": "sha512-nyB6CH++2mSgx3GbnrJsZSxzne5K0HMyNIWafDHqYy7IwxFc4fd/CgHVZXr8Eh+Q3KbIAcAe3vGyqIPhGblvMQ==",
      "optional": true
    },
    "@esbuild/linux-loong64": {
      "version": "0.15.16",
      "resolved": "https://registry.npmjs.org/@esbuild/linux-loong64/-/linux-loong64-0.15.16.tgz",
      "integrity": "sha512-SDLfP1uoB0HZ14CdVYgagllgrG7Mdxhkt4jDJOKl/MldKrkQ6vDJMZKl2+5XsEY/Lzz37fjgLQoJBGuAw/x8kQ==",
      "optional": true
    },
    "@typescript/vfs": {
      "version": "1.4.0",
      "resolved": "https://registry.npmjs.org/@typescript/vfs/-/vfs-1.4.0.tgz",
      "integrity": "sha512-Pood7yv5YWMIX+yCHo176OnF8WUlKGImFG7XlsuH14Zb1YN5+dYD3uUtS7lqZtsH7tAveNUi2NzdpQCN0yRbaw==",
      "dev": true,
      "requires": {
        "debug": "^4.1.1"
      }
    },
    "debug": {
      "version": "4.3.4",
      "resolved": "https://registry.npmjs.org/debug/-/debug-4.3.4.tgz",
      "integrity": "sha512-PRWFHuSU3eDtQJPvnNY7Jcket1j0t5OuOsFzPPzsekD52Zl8qUfFIPEiswXqIvHWGVHOgX+7G/vCNNhehwxfkQ==",
      "dev": true,
      "requires": {
        "ms": "2.1.2"
      }
    },
    "esbuild": {
      "version": "0.15.16",
      "resolved": "https://registry.npmjs.org/esbuild/-/esbuild-0.15.16.tgz",
      "integrity": "sha512-o6iS9zxdHrrojjlj6pNGC2NAg86ECZqIETswTM5KmJitq+R1YmahhWtMumeQp9lHqJaROGnsBi2RLawGnfo5ZQ==",
      "requires": {
        "@esbuild/android-arm": "0.15.16",
        "@esbuild/linux-loong64": "0.15.16",
        "esbuild-android-64": "0.15.16",
        "esbuild-android-arm64": "0.15.16",
        "esbuild-darwin-64": "0.15.16",
        "esbuild-darwin-arm64": "0.15.16",
        "esbuild-freebsd-64": "0.15.16",
        "esbuild-freebsd-arm64": "0.15.16",
        "esbuild-linux-32": "0.15.16",
        "esbuild-linux-64": "0.15.16",
        "esbuild-linux-arm": "0.15.16",
        "esbuild-linux-arm64": "0.15.16",
        "esbuild-linux-mips64le": "0.15.16",
        "esbuild-linux-ppc64le": "0.15.16",
        "esbuild-linux-riscv64": "0.15.16",
        "esbuild-linux-s390x": "0.15.16",
        "esbuild-netbsd-64": "0.15.16",
        "esbuild-openbsd-64": "0.15.16",
        "esbuild-sunos-64": "0.15.16",
        "esbuild-windows-32": "0.15.16",
        "esbuild-windows-64": "0.15.16",
        "esbuild-windows-arm64": "0.15.16"
      }
    },
    "esbuild-android-64": {
      "version": "0.15.16",
      "resolved": "https://registry.npmjs.org/esbuild-android-64/-/esbuild-android-64-0.15.16.tgz",
      "integrity": "sha512-Vwkv/sT0zMSgPSVO3Jlt1pUbnZuOgtOQJkJkyyJFAlLe7BiT8e9ESzo0zQSx4c3wW4T6kGChmKDPMbWTgtliQA==",
      "optional": true
    },
    "esbuild-android-arm64": {
      "version": "0.15.16",
      "resolved": "https://registry.npmjs.org/esbuild-android-arm64/-/esbuild-android-arm64-0.15.16.tgz",
      "integrity": "sha512-lqfKuofMExL5niNV3gnhMUYacSXfsvzTa/58sDlBET/hCOG99Zmeh+lz6kvdgvGOsImeo6J9SW21rFCogNPLxg==",
      "optional": true
    },
    "esbuild-darwin-64": {
      "version": "0.15.16",
      "resolved": "https://registry.npmjs.org/esbuild-darwin-64/-/esbuild-darwin-64-0.15.16.tgz",
      "integrity": "sha512-wo2VWk/n/9V2TmqUZ/KpzRjCEcr00n7yahEdmtzlrfQ3lfMCf3Wa+0sqHAbjk3C6CKkR3WKK/whkMq5Gj4Da9g==",
      "optional": true
    },
    "esbuild-darwin-arm64": {
      "version": "0.15.16",
      "resolved": "https://registry.npmjs.org/esbuild-darwin-arm64/-/esbuild-darwin-arm64-0.15.16.tgz",
      "integrity": "sha512-fMXaUr5ou0M4WnewBKsspMtX++C1yIa3nJ5R2LSbLCfJT3uFdcRoU/NZjoM4kOMKyOD9Sa/2vlgN8G07K3SJnw==",
      "optional": true
    },
    "esbuild-freebsd-64": {
      "version": "0.15.16",
      "resolved": "https://registry.npmjs.org/esbuild-freebsd-64/-/esbuild-freebsd-64-0.15.16.tgz",
      "integrity": "sha512-UzIc0xlRx5x9kRuMr+E3+hlSOxa/aRqfuMfiYBXu2jJ8Mzej4lGL7+o6F5hzhLqWfWm1GWHNakIdlqg1ayaTNQ==",
      "optional": true
    },
    "esbuild-freebsd-arm64": {
      "version": "0.15.16",
      "resolved": "https://registry.npmjs.org/esbuild-freebsd-arm64/-/esbuild-freebsd-arm64-0.15.16.tgz",
      "integrity": "sha512-8xyiYuGc0DLZphFQIiYaLHlfoP+hAN9RHbE+Ibh8EUcDNHAqbQgUrQg7pE7Bo00rXmQ5Ap6KFgcR0b4ALZls1g==",
      "optional": true
    },
    "esbuild-linux-32": {
      "version": "0.15.16",
      "resolved": "https://registry.npmjs.org/esbuild-linux-32/-/esbuild-linux-32-0.15.16.tgz",
      "integrity": "sha512-iGijUTV+0kIMyUVoynK0v+32Oi8yyp0xwMzX69GX+5+AniNy/C/AL1MjFTsozRp/3xQPl7jVux/PLe2ds10/2w==",
      "optional": true
    },
    "esbuild-linux-64": {
      "version": "0.15.16",
      "resolved": "https://registry.npmjs.org/esbuild-linux-64/-/esbuild-linux-64-0.15.16.tgz",
      "integrity": "sha512-tuSOjXdLw7VzaUj89fIdAaQT7zFGbKBcz4YxbWrOiXkwscYgE7HtTxUavreBbnRkGxKwr9iT/gmeJWNm4djy/g==",
      "optional": true
    },
    "esbuild-linux-arm": {
      "version": "0.15.16",
      "resolved": "https://registry.npmjs.org/esbuild-linux-arm/-/esbuild-linux-arm-0.15.16.tgz",
      "integrity": "sha512-XKcrxCEXDTOuoRj5l12tJnkvuxXBMKwEC5j0JISw3ziLf0j4zIwXbKbTmUrKFWbo6ZgvNpa7Y5dnbsjVvH39bQ==",
      "optional": true
    },
    "esbuild-linux-arm64": {
      "version": "0.15.16",
      "resolved": "https://registry.npmjs.org/esbuild-linux-arm64/-/esbuild-linux-arm64-0.15.16.tgz",
      "integrity": "sha512-mPYksnfHnemNrvjrDhZyixL/AfbJN0Xn9S34ZOHYdh6/jJcNd8iTsv3JwJoEvTJqjMggjMhGUPJAdjnFBHoH8A==",
      "optional": true
    },
    "esbuild-linux-mips64le": {
      "version": "0.15.16",
      "resolved": "https://registry.npmjs.org/esbuild-linux-mips64le/-/esbuild-linux-mips64le-0.15.16.tgz",
      "integrity": "sha512-kSJO2PXaxfm0pWY39+YX+QtpFqyyrcp0ZeI8QPTrcFVQoWEPiPVtOfTZeS3ZKedfH+Ga38c4DSzmKMQJocQv6A==",
      "optional": true
    },
    "esbuild-linux-ppc64le": {
      "version": "0.15.16",
      "resolved": "https://registry.npmjs.org/esbuild-linux-ppc64le/-/esbuild-linux-ppc64le-0.15.16.tgz",
      "integrity": "sha512-NimPikwkBY0yGABw6SlhKrtT35sU4O23xkhlrTT/O6lSxv3Pm5iSc6OYaqVAHWkLdVf31bF4UDVFO+D990WpAA==",
      "optional": true
    },
    "esbuild-linux-riscv64": {
      "version": "0.15.16",
      "resolved": "https://registry.npmjs.org/esbuild-linux-riscv64/-/esbuild-linux-riscv64-0.15.16.tgz",
      "integrity": "sha512-ty2YUHZlwFOwp7pR+J87M4CVrXJIf5ZZtU/umpxgVJBXvWjhziSLEQxvl30SYfUPq0nzeWKBGw5i/DieiHeKfw==",
      "optional": true
    },
    "esbuild-linux-s390x": {
      "version": "0.15.16",
      "resolved": "https://registry.npmjs.org/esbuild-linux-s390x/-/esbuild-linux-s390x-0.15.16.tgz",
      "integrity": "sha512-VkZaGssvPDQtx4fvVdZ9czezmyWyzpQhEbSNsHZZN0BHvxRLOYAQ7sjay8nMQwYswP6O2KlZluRMNPYefFRs+w==",
      "optional": true
    },
    "esbuild-netbsd-64": {
      "version": "0.15.16",
      "resolved": "https://registry.npmjs.org/esbuild-netbsd-64/-/esbuild-netbsd-64-0.15.16.tgz",
      "integrity": "sha512-ElQ9rhdY51et6MJTWrCPbqOd/YuPowD7Cxx3ee8wlmXQQVW7UvQI6nSprJ9uVFQISqSF5e5EWpwWqXZsECLvXg==",
      "optional": true
    },
    "esbuild-openbsd-64": {
      "version": "0.15.16",
      "resolved": "https://registry.npmjs.org/esbuild-openbsd-64/-/esbuild-openbsd-64-0.15.16.tgz",
      "integrity": "sha512-KgxMHyxMCT+NdLQE1zVJEsLSt2QQBAvJfmUGDmgEq8Fvjrf6vSKB00dVHUEDKcJwMID6CdgCpvYNt999tIYhqA==",
      "optional": true
    },
    "esbuild-sunos-64": {
      "version": "0.15.16",
      "resolved": "https://registry.npmjs.org/esbuild-sunos-64/-/esbuild-sunos-64-0.15.16.tgz",
      "integrity": "sha512-exSAx8Phj7QylXHlMfIyEfNrmqnLxFqLxdQF6MBHPdHAjT7fsKaX6XIJn+aQEFiOcE4X8e7VvdMCJ+WDZxjSRQ==",
      "optional": true
    },
    "esbuild-windows-32": {
      "version": "0.15.16",
      "resolved": "https://registry.npmjs.org/esbuild-windows-32/-/esbuild-windows-32-0.15.16.tgz",
      "integrity": "sha512-zQgWpY5pUCSTOwqKQ6/vOCJfRssTvxFuEkpB4f2VUGPBpdddZfdj8hbZuFRdZRPIVHvN7juGcpgCA/XCF37mAQ==",
      "optional": true
    },
    "esbuild-windows-64": {
      "version": "0.15.16",
      "resolved": "https://registry.npmjs.org/esbuild-windows-64/-/esbuild-windows-64-0.15.16.tgz",
      "integrity": "sha512-HjW1hHRLSncnM3MBCP7iquatHVJq9l0S2xxsHHj4yzf4nm9TU4Z7k4NkeMlD/dHQ4jPlQQhwcMvwbJiOefSuZw==",
      "optional": true
    },
    "esbuild-windows-arm64": {
      "version": "0.15.16",
      "resolved": "https://registry.npmjs.org/esbuild-windows-arm64/-/esbuild-windows-arm64-0.15.16.tgz",
      "integrity": "sha512-oCcUKrJaMn04Vxy9Ekd8x23O8LoU01+4NOkQ2iBToKgnGj5eo1vU9i27NQZ9qC8NFZgnQQZg5oZWAejmbsppNA==",
      "optional": true
    },
    "ms": {
      "version": "2.1.2",
      "resolved": "https://registry.npmjs.org/ms/-/ms-2.1.2.tgz",
      "integrity": "sha512-sGkPx+VjMtmA6MX27oA4FBFELFCZZ4S4XqeGOXCv68tT+jb3vk/RyaKWP0PTKyWtmLSM0b+adUTEvbs1PEaH2w==",
      "dev": true
    },
    "typescript": {
      "version": "4.9.3",
      "resolved": "https://registry.npmjs.org/typescript/-/typescript-4.9.3.tgz",
      "integrity": "sha512-CIfGzTelbKNEnLpLdGFgdyKhG23CKdKgQPOBc+OUNrkJ2vr+KSzsSV5kq5iWhEQbok+quxgGzrAtGWCyU7tHnA=="
    }
  }
}
