# THIS IS AN AUTOGENERATED FILE. DO NOT EDIT THIS FILE DIRECTLY.
# yarn lockfile v1


"@bufbuild/connect-web@^0.3.1", "@bufbuild/connect-web@0.3.1":
  "integrity" "sha512-JLx/NPwUbiVDyKBK1sKLejcs6a3C3jvi3K9BaPjEu5mtfOl5F53Z1y4LK/Q2akIbcp9hT0ukpErUTK8WOoCqqQ=="
  "resolved" "https://registry.npmjs.org/@bufbuild/connect-web/-/connect-web-0.3.1.tgz"
  "version" "0.3.1"

"@bufbuild/protobuf@^0.2.1", "@bufbuild/protobuf@0.2.1":
  "integrity" "sha512-7bsong0tlLQvkdq5K1U6qFFn35oggCwxaiOs1LHGsqkP/E1FvW4JmRHkxkjlyMNd01S5GbqCrnyHD5VW6l3Djg=="
  "resolved" "https://registry.npmjs.org/@bufbuild/protobuf/-/protobuf-0.2.1.tgz"
  "version" "0.2.1"

"@bufbuild/protoc-gen-connect-web@^0.3.1":
  "integrity" "sha512-p3rO9pMa1P4WU5VA7NQuPA+TbLm9xCxlusOxq3lKfF8vngUX2DpliFuAlwybDS5Osgfw+IQMskRrYPVe6g02qA=="
  "resolved" "https://registry.npmjs.org/@bufbuild/protoc-gen-connect-web/-/protoc-gen-connect-web-0.3.1.tgz"
  "version" "0.3.1"
  dependencies:
    "@bufbuild/protoplugin" "0.2.1"

"@bufbuild/protoc-gen-es@^0.2.1", "@bufbuild/protoc-gen-es@0.2.1":
  "integrity" "sha512-8rfFyKjhuaXOm1mjkIPK8dWzzqAUFOZsFlWCbEXMccc4UWFsVkt/zbw+hHsKI4SUIf4eTzuY074/KMEwVImWMA=="
  "resolved" "https://registry.npmjs.org/@bufbuild/protoc-gen-es/-/protoc-gen-es-0.2.1.tgz"
  "version" "0.2.1"
  dependencies:
    "@bufbuild/protoplugin" "0.2.1"

"@bufbuild/protoplugin@0.2.1":
  "integrity" "sha512-R26FyR5KtU5V5osf8xGraS0/3QdhB8aVnWt990zURFWTFsy7MerHM7dc+oL7H5XT/iD38zur44Cpvp9LeXb5Pg=="
  "resolved" "https://registry.npmjs.org/@bufbuild/protoplugin/-/protoplugin-0.2.1.tgz"
  "version" "0.2.1"
  dependencies:
    "@bufbuild/protobuf" "0.2.1"
    "@typescript/vfs" "^1.4.0"
    "typescript" "4.5.2"

"@typescript/vfs@^1.4.0":
  "integrity" "sha512-Pood7yv5YWMIX+yCHo176OnF8WUlKGImFG7XlsuH14Zb1YN5+dYD3uUtS7lqZtsH7tAveNUi2NzdpQCN0yRbaw=="
  "resolved" "https://registry.npmjs.org/@typescript/vfs/-/vfs-1.4.0.tgz"
  "version" "1.4.0"
  dependencies:
    "debug" "^4.1.1"

"debug@^4.1.1":
  "integrity" "sha512-PRWFHuSU3eDtQJPvnNY7Jcket1j0t5OuOsFzPPzsekD52Zl8qUfFIPEiswXqIvHWGVHOgX+7G/vCNNhehwxfkQ=="
  "resolved" "https://registry.npmjs.org/debug/-/debug-4.3.4.tgz"
  "version" "4.3.4"
  dependencies:
    "ms" "2.1.2"

"esbuild-darwin-arm64@0.14.49":
  "integrity" "sha512-XMaqDxO846srnGlUSJnwbijV29MTKUATmOLyQSfswbK/2X5Uv28M9tTLUJcKKxzoo9lnkYPsx2o8EJcTYwCs/A=="
  "resolved" "https://registry.npmjs.org/esbuild-darwin-arm64/-/esbuild-darwin-arm64-0.14.49.tgz"
  "version" "0.14.49"

"esbuild@^0.14.49":
  "integrity" "sha512-/TlVHhOaq7Yz8N1OJrjqM3Auzo5wjvHFLk+T8pIue+fhnhIMpfAzsG6PLVMbFveVxqD2WOp3QHei+52IMUNmCw=="
  "resolved" "https://registry.npmjs.org/esbuild/-/esbuild-0.14.49.tgz"
  "version" "0.14.49"
  optionalDependencies:
    "esbuild-android-64" "0.14.49"
    "esbuild-android-arm64" "0.14.49"
    "esbuild-darwin-64" "0.14.49"
    "esbuild-darwin-arm64" "0.14.49"
    "esbuild-freebsd-64" "0.14.49"
    "esbuild-freebsd-arm64" "0.14.49"
    "esbuild-linux-32" "0.14.49"
    "esbuild-linux-64" "0.14.49"
    "esbuild-linux-arm" "0.14.49"
    "esbuild-linux-arm64" "0.14.49"
    "esbuild-linux-mips64le" "0.14.49"
    "esbuild-linux-ppc64le" "0.14.49"
    "esbuild-linux-riscv64" "0.14.49"
    "esbuild-linux-s390x" "0.14.49"
    "esbuild-netbsd-64" "0.14.49"
    "esbuild-openbsd-64" "0.14.49"
    "esbuild-sunos-64" "0.14.49"
    "esbuild-windows-32" "0.14.49"
    "esbuild-windows-64" "0.14.49"
    "esbuild-windows-arm64" "0.14.49"

"js-tokens@^3.0.0 || ^4.0.0":
  "integrity" "sha512-RdJUflcE3cUzKiMqQgsCu06FPu9UdIJO0beYbPhHN4k6apgJtifcoCtT9bcxOpYBtpD2kCM6Sbzg4CausW/PKQ=="
  "resolved" "https://registry.npmjs.org/js-tokens/-/js-tokens-4.0.0.tgz"
  "version" "4.0.0"

"loose-envify@^1.1.0":
  "integrity" "sha512-lyuxPGr/Wfhrlem2CL/UcnUc1zcqKAImBDzukY7Y5F/yQiNdko6+fRLevlw1HgMySw7f611UIY408EtxRSoK3Q=="
  "resolved" "https://registry.npmjs.org/loose-envify/-/loose-envify-1.4.0.tgz"
  "version" "1.4.0"
  dependencies:
    "js-tokens" "^3.0.0 || ^4.0.0"

"ms@2.1.2":
  "integrity" "sha512-sGkPx+VjMtmA6MX27oA4FBFELFCZZ4S4XqeGOXCv68tT+jb3vk/RyaKWP0PTKyWtmLSM0b+adUTEvbs1PEaH2w=="
  "resolved" "https://registry.npmjs.org/ms/-/ms-2.1.2.tgz"
  "version" "2.1.2"

"react-dom@^18.2.0":
  "integrity" "sha512-6IMTriUmvsjHUjNtEDudZfuDQUoWXVxKHhlEGSk81n4YFS+r/Kl99wXiwlVXtPBtJenozv2P+hxDsw9eA7Xo6g=="
  "resolved" "https://registry.npmjs.org/react-dom/-/react-dom-18.2.0.tgz"
  "version" "18.2.0"
  dependencies:
    "loose-envify" "^1.1.0"
    "scheduler" "^0.23.0"

"react@^18.2.0":
  "integrity" "sha512-/3IjMdb2L9QbBdWiW5e3P2/npwMBaU9mHCSCUzNln0ZCYbcfTsGbTJrU/kGemdH2IWmB2ioZ+zkxtmq6g09fGQ=="
  "resolved" "https://registry.npmjs.org/react/-/react-18.2.0.tgz"
  "version" "18.2.0"
  dependencies:
    "loose-envify" "^1.1.0"

"scheduler@^0.23.0":
  "integrity" "sha512-CtuThmgHNg7zIZWAXi3AsyIzA3n4xx7aNyjwC2VJldO2LMVDhFK+63xGqq6CsJH4rTAt6/M+N4GhZiDYPx9eUw=="
  "resolved" "https://registry.npmjs.org/scheduler/-/scheduler-0.23.0.tgz"
  "version" "0.23.0"
  dependencies:
    "loose-envify" "^1.1.0"

"tsc@^2.0.4":
  "integrity" "sha512-fzoSieZI5KKJVBYGvwbVZs/J5za84f2lSTLPYf6AGiIf43tZ3GNrI1QzTLcjtyDDP4aLxd46RTZq1nQxe7+k5Q=="
  "resolved" "https://registry.npmjs.org/tsc/-/tsc-2.0.4.tgz"
  "version" "2.0.4"

"typescript@^4.7.4":
  "integrity" "sha512-C0WQT0gezHuw6AdY1M2jxUO83Rjf0HP7Sk1DtXj6j1EwkQNZrHAg2XPWlq62oqEhYvONq5pkC2Y9oPljWToLmQ=="
  "resolved" "https://registry.npmjs.org/typescript/-/typescript-4.7.4.tgz"
  "version" "4.7.4"

"typescript@4.5.2":
  "integrity" "sha512-5BlMof9H1yGt0P8/WF+wPNw6GfctgGjXp5hkblpyT+8rkASSmkUKMXrxR0Xg8ThVCi/JnHQiKXeBaEwCeQwMFw=="
  "resolved" "https://registry.npmjs.org/typescript/-/typescript-4.5.2.tgz"
  "version" "4.5.2"
