# This file is generated by running "yarn install" inside your project.
# Manual changes might be lost - proceed with caution!

__metadata:
  version: 6
  cacheKey: 8

"@bufbuild/connect-web@npm:^0.5.0":
  version: 0.5.0
  resolution: "@bufbuild/connect-web@npm:0.5.0"
  peerDependencies:
    "@bufbuild/protobuf": ^1.0.0
  checksum: e89844ef6d0219baa49c00f66930ea78336d10b809bd3a337d80a1103170c904a7533adcd20ffae308bc75faaac562bf56dc278d6446a8cc741957fce95dcc2a
  languageName: node
  linkType: hard

"@bufbuild/protobuf@npm:1.0.0, @bufbuild/protobuf@npm:^1.0.0":
  version: 1.0.0
  resolution: "@bufbuild/protobuf@npm:1.0.0"
  checksum: c2247e81c8858ef2e3bebbc868d075ede0296e75dddcb21cf1bab25b063d0af8c96cd8f28579541afd52c3e18ec8f4ccbdae2a8b906f0260c81a2b63945d3ead
  languageName: node
  linkType: hard

"@bufbuild/protoc-gen-connect-web@npm:^0.5.0":
  version: 0.5.0
  resolution: "@bufbuild/protoc-gen-connect-web@npm:0.5.0"
  dependencies:
    "@bufbuild/protoplugin": ^1.0.0
  peerDependencies:
    "@bufbuild/connect-web": 0.5.0
    "@bufbuild/protoc-gen-es": ^1.0.0
  peerDependenciesMeta:
    "@bufbuild/connect-web":
      optional: true
    "@bufbuild/protoc-gen-es":
      optional: true
  bin:
    protoc-gen-connect-web: bin/protoc-gen-connect-web
  checksum: 9db8b538fcae6eca099949d06779990325655949cbce20451e37f487b372ef1cfed4b5a57a9e3f4300a7e2749d90b411887568f0691f9ca1f3f343d469460a23
  languageName: node
  linkType: hard

"@bufbuild/protoc-gen-es@npm:^1.0.0":
  version: 1.0.0
  resolution: "@bufbuild/protoc-gen-es@npm:1.0.0"
  dependencies:
    "@bufbuild/protoplugin": 1.0.0
  peerDependencies:
    "@bufbuild/protobuf": 1.0.0
  peerDependenciesMeta:
    "@bufbuild/protobuf":
      optional: true
  bin:
    protoc-gen-es: bin/protoc-gen-es
  checksum: 534941d456fddc3f7abb2d51b10553a855ca5a80ac4d1d795e74ba85cf4eae4432eaf936b6fed2dbf8d46b2e47f14380afdf750ce126f6735df028d209a9a8fd
  languageName: node
  linkType: hard

"@bufbuild/protoplugin@npm:1.0.0, @bufbuild/protoplugin@npm:^1.0.0":
  version: 1.0.0
  resolution: "@bufbuild/protoplugin@npm:1.0.0"
  dependencies:
    "@bufbuild/protobuf": 1.0.0
    "@typescript/vfs": ^1.4.0
    typescript: 4.5.2
  checksum: dced5be96d9e649d7f80c0c02c5d8d08f44e5b0053c5d9f720bedb532a392160fc268b5d948fce5ba28fa20de94090671b2286e406d9dbeb02e59e413f54424e
  languageName: node
  linkType: hard

"@esbuild/android-arm64@npm:0.16.13":
  version: 0.16.13
  resolution: "@esbuild/android-arm64@npm:0.16.13"
  conditions: os=android & cpu=arm64
  languageName: node
  linkType: hard

"@esbuild/android-arm@npm:0.16.13":
  version: 0.16.13
  resolution: "@esbuild/android-arm@npm:0.16.13"
  conditions: os=android & cpu=arm
  languageName: node
  linkType: hard

"@esbuild/android-x64@npm:0.16.13":
  version: 0.16.13
  resolution: "@esbuild/android-x64@npm:0.16.13"
  conditions: os=android & cpu=x64
  languageName: node
  linkType: hard

"@esbuild/darwin-arm64@npm:0.16.13":
  version: 0.16.13
  resolution: "@esbuild/darwin-arm64@npm:0.16.13"
  conditions: os=darwin & cpu=arm64
  languageName: node
  linkType: hard

"@esbuild/darwin-x64@npm:0.16.13":
  version: 0.16.13
  resolution: "@esbuild/darwin-x64@npm:0.16.13"
  conditions: os=darwin & cpu=x64
  languageName: node
  linkType: hard

"@esbuild/freebsd-arm64@npm:0.16.13":
  version: 0.16.13
  resolution: "@esbuild/freebsd-arm64@npm:0.16.13"
  conditions: os=freebsd & cpu=arm64
  languageName: node
  linkType: hard

"@esbuild/freebsd-x64@npm:0.16.13":
  version: 0.16.13
  resolution: "@esbuild/freebsd-x64@npm:0.16.13"
  conditions: os=freebsd & cpu=x64
  languageName: node
  linkType: hard

"@esbuild/linux-arm64@npm:0.16.13":
  version: 0.16.13
  resolution: "@esbuild/linux-arm64@npm:0.16.13"
  conditions: os=linux & cpu=arm64
  languageName: node
  linkType: hard

"@esbuild/linux-arm@npm:0.16.13":
  version: 0.16.13
  resolution: "@esbuild/linux-arm@npm:0.16.13"
  conditions: os=linux & cpu=arm
  languageName: node
  linkType: hard

"@esbuild/linux-ia32@npm:0.16.13":
  version: 0.16.13
  resolution: "@esbuild/linux-ia32@npm:0.16.13"
  conditions: os=linux & cpu=ia32
  languageName: node
  linkType: hard

"@esbuild/linux-loong64@npm:0.16.13":
  version: 0.16.13
  resolution: "@esbuild/linux-loong64@npm:0.16.13"
  conditions: os=linux & cpu=loong64
  languageName: node
  linkType: hard

"@esbuild/linux-mips64el@npm:0.16.13":
  version: 0.16.13
  resolution: "@esbuild/linux-mips64el@npm:0.16.13"
  conditions: os=linux & cpu=mips64el
  languageName: node
  linkType: hard

"@esbuild/linux-ppc64@npm:0.16.13":
  version: 0.16.13
  resolution: "@esbuild/linux-ppc64@npm:0.16.13"
  conditions: os=linux & cpu=ppc64
  languageName: node
  linkType: hard

"@esbuild/linux-riscv64@npm:0.16.13":
  version: 0.16.13
  resolution: "@esbuild/linux-riscv64@npm:0.16.13"
  conditions: os=linux & cpu=riscv64
  languageName: node
  linkType: hard

"@esbuild/linux-s390x@npm:0.16.13":
  version: 0.16.13
  resolution: "@esbuild/linux-s390x@npm:0.16.13"
  conditions: os=linux & cpu=s390x
  languageName: node
  linkType: hard

"@esbuild/linux-x64@npm:0.16.13":
  version: 0.16.13
  resolution: "@esbuild/linux-x64@npm:0.16.13"
  conditions: os=linux & cpu=x64
  languageName: node
  linkType: hard

"@esbuild/netbsd-x64@npm:0.16.13":
  version: 0.16.13
  resolution: "@esbuild/netbsd-x64@npm:0.16.13"
  conditions: os=netbsd & cpu=x64
  languageName: node
  linkType: hard

"@esbuild/openbsd-x64@npm:0.16.13":
  version: 0.16.13
  resolution: "@esbuild/openbsd-x64@npm:0.16.13"
  conditions: os=openbsd & cpu=x64
  languageName: node
  linkType: hard

"@esbuild/sunos-x64@npm:0.16.13":
  version: 0.16.13
  resolution: "@esbuild/sunos-x64@npm:0.16.13"
  conditions: os=sunos & cpu=x64
  languageName: node
  linkType: hard

"@esbuild/win32-arm64@npm:0.16.13":
  version: 0.16.13
  resolution: "@esbuild/win32-arm64@npm:0.16.13"
  conditions: os=win32 & cpu=arm64
  languageName: node
  linkType: hard

"@esbuild/win32-ia32@npm:0.16.13":
  version: 0.16.13
  resolution: "@esbuild/win32-ia32@npm:0.16.13"
  conditions: os=win32 & cpu=ia32
  languageName: node
  linkType: hard

"@esbuild/win32-x64@npm:0.16.13":
  version: 0.16.13
  resolution: "@esbuild/win32-x64@npm:0.16.13"
  conditions: os=win32 & cpu=x64
  languageName: node
  linkType: hard

"@typescript/vfs@npm:^1.4.0":
  version: 1.4.0
  resolution: "@typescript/vfs@npm:1.4.0"
  dependencies:
    debug: ^4.1.1
  checksum: 67219c9354d142ef8259da172066db043133d8b6cc0a5d862b9867d5950c5f6c9b816e8b29f8901e8cd2572003282fbbec097e53932bc6da01d0fa2e40520014
  languageName: node
  linkType: hard

"buf-yarn3-unplugged@workspace:.":
  version: 0.0.0-use.local
  resolution: "buf-yarn3-unplugged@workspace:."
  dependencies:
    "@bufbuild/connect-web": ^0.5.0
    "@bufbuild/protobuf": ^1.0.0
    "@bufbuild/protoc-gen-connect-web": ^0.5.0
    "@bufbuild/protoc-gen-es": ^1.0.0
    esbuild: ^0.16.13
    react: ^18.2.0
    react-dom: ^18.2.0
    tsc: ^2.0.4
    typescript: ^4.9.4
  languageName: unknown
  linkType: soft

"debug@npm:^4.1.1":
  version: 4.3.4
  resolution: "debug@npm:4.3.4"
  dependencies:
    ms: 2.1.2
  peerDependenciesMeta:
    supports-color:
      optional: true
  checksum: 3dbad3f94ea64f34431a9cbf0bafb61853eda57bff2880036153438f50fb5a84f27683ba0d8e5426bf41a8c6ff03879488120cf5b3a761e77953169c0600a708
  languageName: node
  linkType: hard

"esbuild@npm:^0.16.13":
  version: 0.16.13
  resolution: "esbuild@npm:0.16.13"
  dependencies:
    "@esbuild/android-arm": 0.16.13
    "@esbuild/android-arm64": 0.16.13
    "@esbuild/android-x64": 0.16.13
    "@esbuild/darwin-arm64": 0.16.13
    "@esbuild/darwin-x64": 0.16.13
    "@esbuild/freebsd-arm64": 0.16.13
    "@esbuild/freebsd-x64": 0.16.13
    "@esbuild/linux-arm": 0.16.13
    "@esbuild/linux-arm64": 0.16.13
    "@esbuild/linux-ia32": 0.16.13
    "@esbuild/linux-loong64": 0.16.13
    "@esbuild/linux-mips64el": 0.16.13
    "@esbuild/linux-ppc64": 0.16.13
    "@esbuild/linux-riscv64": 0.16.13
    "@esbuild/linux-s390x": 0.16.13
    "@esbuild/linux-x64": 0.16.13
    "@esbuild/netbsd-x64": 0.16.13
    "@esbuild/openbsd-x64": 0.16.13
    "@esbuild/sunos-x64": 0.16.13
    "@esbuild/win32-arm64": 0.16.13
    "@esbuild/win32-ia32": 0.16.13
    "@esbuild/win32-x64": 0.16.13
  dependenciesMeta:
    "@esbuild/android-arm":
      optional: true
    "@esbuild/android-arm64":
      optional: true
    "@esbuild/android-x64":
      optional: true
    "@esbuild/darwin-arm64":
      optional: true
    "@esbuild/darwin-x64":
      optional: true
    "@esbuild/freebsd-arm64":
      optional: true
    "@esbuild/freebsd-x64":
      optional: true
    "@esbuild/linux-arm":
      optional: true
    "@esbuild/linux-arm64":
      optional: true
    "@esbuild/linux-ia32":
      optional: true
    "@esbuild/linux-loong64":
      optional: true
    "@esbuild/linux-mips64el":
      optional: true
    "@esbuild/linux-ppc64":
      optional: true
    "@esbuild/linux-riscv64":
      optional: true
    "@esbuild/linux-s390x":
      optional: true
    "@esbuild/linux-x64":
      optional: true
    "@esbuild/netbsd-x64":
      optional: true
    "@esbuild/openbsd-x64":
      optional: true
    "@esbuild/sunos-x64":
      optional: true
    "@esbuild/win32-arm64":
      optional: true
    "@esbuild/win32-ia32":
      optional: true
    "@esbuild/win32-x64":
      optional: true
  bin:
    esbuild: bin/esbuild
  checksum: dd78945c45ab70d59a1933374ea3403d942165d34fabbf4f75c315761c31e86599c8c41f8da253499f0fe3a7d023f7602e1d51eb8e764056e588c1069c7b3104
  languageName: node
  linkType: hard

"js-tokens@npm:^3.0.0 || ^4.0.0":
  version: 4.0.0
  resolution: "js-tokens@npm:4.0.0"
  checksum: 8a95213a5a77deb6cbe94d86340e8d9ace2b93bc367790b260101d2f36a2eaf4e4e22d9fa9cf459b38af3a32fb4190e638024cf82ec95ef708680e405ea7cc78
  languageName: node
  linkType: hard

"loose-envify@npm:^1.1.0":
  version: 1.4.0
  resolution: "loose-envify@npm:1.4.0"
  dependencies:
    js-tokens: ^3.0.0 || ^4.0.0
  bin:
    loose-envify: cli.js
  checksum: 6517e24e0cad87ec9888f500c5b5947032cdfe6ef65e1c1936a0c48a524b81e65542c9c3edc91c97d5bddc806ee2a985dbc79be89215d613b1de5db6d1cfe6f4
  languageName: node
  linkType: hard

"ms@npm:2.1.2":
  version: 2.1.2
  resolution: "ms@npm:2.1.2"
  checksum: 673cdb2c3133eb050c745908d8ce632ed2c02d85640e2edb3ace856a2266a813b30c613569bf3354fdf4ea7d1a1494add3bfa95e2713baa27d0c2c71fc44f58f
  languageName: node
  linkType: hard

"react-dom@npm:^18.2.0":
  version: 18.2.0
  resolution: "react-dom@npm:18.2.0"
  dependencies:
    loose-envify: ^1.1.0
    scheduler: ^0.23.0
  peerDependencies:
    react: ^18.2.0
  checksum: 7d323310bea3a91be2965f9468d552f201b1c27891e45ddc2d6b8f717680c95a75ae0bc1e3f5cf41472446a2589a75aed4483aee8169287909fcd59ad149e8cc
  languageName: node
  linkType: hard

"react@npm:^18.2.0":
  version: 18.2.0
  resolution: "react@npm:18.2.0"
  dependencies:
    loose-envify: ^1.1.0
  checksum: 88e38092da8839b830cda6feef2e8505dec8ace60579e46aa5490fc3dc9bba0bd50336507dc166f43e3afc1c42939c09fe33b25fae889d6f402721dcd78fca1b
  languageName: node
  linkType: hard

"scheduler@npm:^0.23.0":
  version: 0.23.0
  resolution: "scheduler@npm:0.23.0"
  dependencies:
    loose-envify: ^1.1.0
  checksum: d79192eeaa12abef860c195ea45d37cbf2bbf5f66e3c4dcd16f54a7da53b17788a70d109ee3d3dde1a0fd50e6a8fc171f4300356c5aee4fc0171de526bf35f8a
  languageName: node
  linkType: hard

"tsc@npm:^2.0.4":
  version: 2.0.4
  resolution: "tsc@npm:2.0.4"
  bin:
    tsc: bin/tsc
  checksum: 50b10240887424c66454687f0fca4e319713b35cb44f0dab228719eb4dd757251f83c3d79e60d29dfbe90c2d6f1272f793b83e75a9fca2c622b4213ad3eb8cb1
  languageName: node
  linkType: hard

"typescript@npm:4.5.2":
  version: 4.5.2
  resolution: "typescript@npm:4.5.2"
  bin:
    tsc: bin/tsc
    tsserver: bin/tsserver
  checksum: 74f9ce65d532bdf5d0214b3f60cf37992180023388c87a11ee6f838a803067ef0b63c600fa501b0deb07f989257dce1e244c9635ed79feca40bbccf6e0aa1ebc
  languageName: node
  linkType: hard

"typescript@npm:^4.9.4":
  version: 4.9.4
  resolution: "typescript@npm:4.9.4"
  bin:
    tsc: bin/tsc
    tsserver: bin/tsserver
  checksum: e782fb9e0031cb258a80000f6c13530288c6d63f1177ed43f770533fdc15740d271554cdae86701c1dd2c83b082cea808b07e97fd68b38a172a83dbf9e0d0ef9
  languageName: node
  linkType: hard

"typescript@patch:typescript@4.5.2#~builtin<compat/typescript>":
  version: 4.5.2
  resolution: "typescript@patch:typescript@npm%3A4.5.2#~builtin<compat/typescript>::version=4.5.2&hash=7ad353"
  bin:
    tsc: bin/tsc
    tsserver: bin/tsserver
  checksum: e25e689eba64f7da7cfc43f8ea76cac7176b56caba42655f0a4cb29c0b7c36e67ca54f33df95902859f56108464245d8b45bcdfe21e3d66d9560feb8db780246
  languageName: node
  linkType: hard

"typescript@patch:typescript@^4.9.4#~builtin<compat/typescript>":
  version: 4.9.4
  resolution: "typescript@patch:typescript@npm%3A4.9.4#~builtin<compat/typescript>::version=4.9.4&hash=7ad353"
  bin:
    tsc: bin/tsc
    tsserver: bin/tsserver
  checksum: 37f6e2c3c5e2aa5934b85b0fddbf32eeac8b1bacf3a5b51d01946936d03f5377fe86255d4e5a4ae628fd0cd553386355ad362c57f13b4635064400f3e8e05b9d
  languageName: node
  linkType: hard
