# THIS IS AN AUTOGENERATED FILE. DO NOT EDIT THIS FILE DIRECTLY.
# yarn lockfile v1


"@bufbuild/connect-web@^0.0.9":
  version "0.0.9"
  resolved "https://registry.yarnpkg.com/@bufbuild/connect-web/-/connect-web-0.0.9.tgz#e63e79ce207434e3ae89bc1e9de59de0faa983e2"
  integrity sha512-31+T9LlvMAfrORaqiSJclZAU9XDNZdXenf+yA6eZCUWPIlAOlDUhru1mYFu1VGxymDPA9PLJikXeirkY2iKfXQ==

"@bufbuild/protobuf@^0.0.8":
  version "0.0.8"
  resolved "https://registry.yarnpkg.com/@bufbuild/protobuf/-/protobuf-0.0.8.tgz#bfd0eee7a826ab49089f1bb3a48ed1bdc35afa1a"
  integrity sha512-HSg2G6j2EXNu7iOidh98zcrcrJVSRquYSwr0hmhCumFo4UqUWsoGQawEzhLgWs6WXFae1VOLbB6Der+p+t2KDw==

"@bufbuild/protoc-gen-connect-web-darwin-64@0.0.9":
  version "0.0.9"
  resolved "https://registry.yarnpkg.com/@bufbuild/protoc-gen-connect-web-darwin-64/-/protoc-gen-connect-web-darwin-64-0.0.9.tgz#9c110825c17273983e1b35b5f1383b0e2ba9ead3"
  integrity sha512-+b+SLZ6gRymcRm6Cb5eKa4zQKRQgVIJwITo4G/tRTBFzceEYpxVMIPmCjIM8DflWTlMTsPfMvrM9y4qMtxjCjQ==

"@bufbuild/protoc-gen-connect-web-darwin-arm64@0.0.9":
  version "0.0.9"
  resolved "https://registry.yarnpkg.com/@bufbuild/protoc-gen-connect-web-darwin-arm64/-/protoc-gen-connect-web-darwin-arm64-0.0.9.tgz#3fe2e815e44004792b50e5ba79d91fc058a3a0fb"
  integrity sha512-Yr/V5X/JbHiV5BKZVKZmv1S4snStiBFYfgmiQ9uPtP2i2YTU+I1iKP6XJ89s4PuXOArz9QT0SRkZp8fqljviFQ==

"@bufbuild/protoc-gen-connect-web-freebsd-64@0.0.9":
  version "0.0.9"
  resolved "https://registry.yarnpkg.com/@bufbuild/protoc-gen-connect-web-freebsd-64/-/protoc-gen-connect-web-freebsd-64-0.0.9.tgz#40fc8f574f43a6c258987bee9b4035a43dd5da6b"
  integrity sha512-X4d8qfpPGSE8vc0L3/XYD1dYbSTrYCq5mEt0ZTgObGbIkdBZMBou8xogmnPSYtadeaLgI3Pqg7TQU+cpsZH9lA==

"@bufbuild/protoc-gen-connect-web-freebsd-arm64@0.0.9":
  version "0.0.9"
  resolved "https://registry.yarnpkg.com/@bufbuild/protoc-gen-connect-web-freebsd-arm64/-/protoc-gen-connect-web-freebsd-arm64-0.0.9.tgz#f4a792a0813d4c0e34624c514b82982bf9c60beb"
  integrity sha512-iB8U1wkLkbgOkVvuKYl2lRJX9Ajp59eFJ10vjk/1uyeRHrYiBJG+sQ8xhl89NwNgDBgPs0ru0yeJ3dKXOyI3zg==

"@bufbuild/protoc-gen-connect-web-linux-32@0.0.9":
  version "0.0.9"
  resolved "https://registry.yarnpkg.com/@bufbuild/protoc-gen-connect-web-linux-32/-/protoc-gen-connect-web-linux-32-0.0.9.tgz#f88f61ab0ee049f4ab77d76cb94c68a51a936821"
  integrity sha512-yxkVWxZNgwtVT5QCeMhlGPwPCoK2l+XXgPvKBSCZUPfaKkh5yky730bmz5aZlYZg+oDBUgAmIZiDgPlH5sXmag==

"@bufbuild/protoc-gen-connect-web-linux-64@0.0.9":
  version "0.0.9"
  resolved "https://registry.yarnpkg.com/@bufbuild/protoc-gen-connect-web-linux-64/-/protoc-gen-connect-web-linux-64-0.0.9.tgz#4c385fdb9d0b42b11794bae1f7d344fce726150e"
  integrity sha512-ahk8EtVY52IGIofULkVbTVVOu9sSjAhO2MhXCe0IRQ4k6GXlBRrVNjsyii9vVkKh9opd+UNWIyAkBfcuDbeBiQ==

"@bufbuild/protoc-gen-connect-web-linux-arm64@0.0.9":
  version "0.0.9"
  resolved "https://registry.yarnpkg.com/@bufbuild/protoc-gen-connect-web-linux-arm64/-/protoc-gen-connect-web-linux-arm64-0.0.9.tgz#74a03effa41716351a281ff3ae8616d9d64a2c15"
  integrity sha512-rwrP6uUw+qFJSH47L2tiETN7ATzL6MVqSF0MqSOhMm4eXBMu8ta5gBhxnlkqNVqQnAo8Idr3tU7+2Vnr0+rgvg==

"@bufbuild/protoc-gen-connect-web-linux-arm@0.0.9":
  version "0.0.9"
  resolved "https://registry.yarnpkg.com/@bufbuild/protoc-gen-connect-web-linux-arm/-/protoc-gen-connect-web-linux-arm-0.0.9.tgz#8f8c36d520c1c8b5da06b3c57672a5eb48c53d25"
  integrity sha512-N8zMbKwYI+Dtobbms4Jgvn3aKU9lmh6bQNtPv28fhpbUWc6zLkbp/Zy+N/UQl6bSeZkwro4on6KjnsIhUtjbCQ==

"@bufbuild/protoc-gen-connect-web-netbsd-64@0.0.9":
  version "0.0.9"
  resolved "https://registry.yarnpkg.com/@bufbuild/protoc-gen-connect-web-netbsd-64/-/protoc-gen-connect-web-netbsd-64-0.0.9.tgz#63e36f4354f77d7e5735377219baa32ad0aca28d"
  integrity sha512-1YXwXvPkm/eDExyEJXXAuLxwHfjHP9rUMj2Sf/+43ZaPVSAOacRdQm8LleDe84BPc33LZ3fmZpTRN+r9iPoLrQ==

"@bufbuild/protoc-gen-connect-web-openbsd-64@0.0.9":
  version "0.0.9"
  resolved "https://registry.yarnpkg.com/@bufbuild/protoc-gen-connect-web-openbsd-64/-/protoc-gen-connect-web-openbsd-64-0.0.9.tgz#2cdffa9207b3a0a60eaf5c274b848f6db32b38cc"
  integrity sha512-RfJIM+mzA/PKkAxmdzK2Eps0g6tcI8kVYpfMj9jIZffr1BmeolAI1j6CEaenBhtdI8XfAR70LDw59c+7OGoYTg==

"@bufbuild/protoc-gen-connect-web-windows-32@0.0.9":
  version "0.0.9"
  resolved "https://registry.yarnpkg.com/@bufbuild/protoc-gen-connect-web-windows-32/-/protoc-gen-connect-web-windows-32-0.0.9.tgz#a9f50fecd30f424054f47abd8d52bfc3f4ca6757"
  integrity sha512-HkGa2snH01xWipk+zUM83+UG80LjS36lAUni9nBY5DUGzrNIngPcdsCLSi7CWVt+8OUwYbsM8BYHtEOq9EDPhw==

"@bufbuild/protoc-gen-connect-web-windows-64@0.0.9":
  version "0.0.9"
  resolved "https://registry.yarnpkg.com/@bufbuild/protoc-gen-connect-web-windows-64/-/protoc-gen-connect-web-windows-64-0.0.9.tgz#3a51e93202b6275516b7eb4d63de9ec81b7b3000"
  integrity sha512-IJZvNqgHS2ZtP5Jl9O+ZPLdrw1qXF/VsVHN49WrRjKQFWP0lgMo3o+LP+VVXYJIcKFEZf5CVdgsAWJQpmHewrQ==

"@bufbuild/protoc-gen-connect-web-windows-arm64@0.0.9":
  version "0.0.9"
  resolved "https://registry.yarnpkg.com/@bufbuild/protoc-gen-connect-web-windows-arm64/-/protoc-gen-connect-web-windows-arm64-0.0.9.tgz#16cc7bebd6d860f3731447fddb9dc7de164b9ae3"
  integrity sha512-M3VfDk+KeOuYBATt1LgGOdhFxQF7LbL3MdlTv/VyNNnkocU9UBBT3lplXMyXXJuv6BqaQi5nmKmnX3SDwDA6ow==

"@bufbuild/protoc-gen-connect-web@^0.0.9":
  version "0.0.9"
  resolved "https://registry.yarnpkg.com/@bufbuild/protoc-gen-connect-web/-/protoc-gen-connect-web-0.0.9.tgz#31f3053ec3cc54627f1a9b871f56e836f7a04e8c"
  integrity sha512-fMZnCbNp5aR4vCTFU/sueZfH8VXIibEtjxlM3fTn63Z2QL8Ue0pDjQi3Ldi+mca3/ky6lICCgtRdnHuJJjCoGg==
  optionalDependencies:
    "@bufbuild/protoc-gen-connect-web-darwin-64" "0.0.9"
    "@bufbuild/protoc-gen-connect-web-darwin-arm64" "0.0.9"
    "@bufbuild/protoc-gen-connect-web-freebsd-64" "0.0.9"
    "@bufbuild/protoc-gen-connect-web-freebsd-arm64" "0.0.9"
    "@bufbuild/protoc-gen-connect-web-linux-32" "0.0.9"
    "@bufbuild/protoc-gen-connect-web-linux-64" "0.0.9"
    "@bufbuild/protoc-gen-connect-web-linux-arm" "0.0.9"
    "@bufbuild/protoc-gen-connect-web-linux-arm64" "0.0.9"
    "@bufbuild/protoc-gen-connect-web-netbsd-64" "0.0.9"
    "@bufbuild/protoc-gen-connect-web-openbsd-64" "0.0.9"
    "@bufbuild/protoc-gen-connect-web-windows-32" "0.0.9"
    "@bufbuild/protoc-gen-connect-web-windows-64" "0.0.9"
    "@bufbuild/protoc-gen-connect-web-windows-arm64" "0.0.9"

"@bufbuild/protoc-gen-es-darwin-64@0.0.8":
  version "0.0.8"
  resolved "https://registry.yarnpkg.com/@bufbuild/protoc-gen-es-darwin-64/-/protoc-gen-es-darwin-64-0.0.8.tgz#114305ccc452f4aa07d21875188c310ab428d370"
  integrity sha512-dPKbDK5mht4CYAozTSn6NURdBFgilyMKG38WS2g6pMiylBZQsHrKgDrep771kBrChZQS4PbYupMD7kj0xyiJSg==

"@bufbuild/protoc-gen-es-darwin-arm64@0.0.8":
  version "0.0.8"
  resolved "https://registry.yarnpkg.com/@bufbuild/protoc-gen-es-darwin-arm64/-/protoc-gen-es-darwin-arm64-0.0.8.tgz#41e3f1b9b0a71248cd169e5892a76d7551d6bcf3"
  integrity sha512-4mZTMhuA8EaGBuTjaca/G30THYXRtV6zk/jasiqp53tXdUyhtja4Fj3x78KAj76VU9ZS0kOX2MGBFcF/eEYdOw==

"@bufbuild/protoc-gen-es-freebsd-64@0.0.8":
  version "0.0.8"
  resolved "https://registry.yarnpkg.com/@bufbuild/protoc-gen-es-freebsd-64/-/protoc-gen-es-freebsd-64-0.0.8.tgz#d32e8f68f7b3dd1ea996fd82c70a4f9d231523cf"
  integrity sha512-7DQ2OxJ7yOemFz20RgdTlalvGAoCGn6f+5RsO0i9kUYYrE58C/DgR+BLmIbyhPg2yPE/yjXtY9byFoNrqYKptw==

"@bufbuild/protoc-gen-es-freebsd-arm64@0.0.8":
  version "0.0.8"
  resolved "https://registry.yarnpkg.com/@bufbuild/protoc-gen-es-freebsd-arm64/-/protoc-gen-es-freebsd-arm64-0.0.8.tgz#d72a9480607efea494ac6c9110570e4a55e12301"
  integrity sha512-t1G7wiOlYJRh9Cv5Sp8RopsZrmQ2rW08m2loTrwvs0r89KMMMapcgBoLSiKE9Gg6IK2YwPEu+9um+S55vo+P8w==

"@bufbuild/protoc-gen-es-linux-32@0.0.8":
  version "0.0.8"
  resolved "https://registry.yarnpkg.com/@bufbuild/protoc-gen-es-linux-32/-/protoc-gen-es-linux-32-0.0.8.tgz#1b841ee59691d5e1399759d4444ab054176b1c65"
  integrity sha512-7Y/I8sBRDYYG/GlZSp487+uS/z+aZ4SjhUrYsX6k8C7orl+TgxdquCeFljuuZHfaldSXxYxS8Sp83z/YGLdg8Q==

"@bufbuild/protoc-gen-es-linux-64@0.0.8":
  version "0.0.8"
  resolved "https://registry.yarnpkg.com/@bufbuild/protoc-gen-es-linux-64/-/protoc-gen-es-linux-64-0.0.8.tgz#517dc1cc148aaf3bd3210102fbcd230a5f6ef218"
  integrity sha512-PharbalqJhgmnyZ6FZ/gfIlD0jDG4nn6QJk1QUCpOwW8a+8cO9Zull4mUstC/ogb1FaRWtwKm1jC4rcz6agTxg==

"@bufbuild/protoc-gen-es-linux-arm64@0.0.8":
  version "0.0.8"
  resolved "https://registry.yarnpkg.com/@bufbuild/protoc-gen-es-linux-arm64/-/protoc-gen-es-linux-arm64-0.0.8.tgz#99993889031e94e229ac518aa9f43857c7841752"
  integrity sha512-N/Ot3KkdLrUU1VLub5Onyj/5KYvc3aWKhIDyZVnRhAkK4/fvLVNQktqWjk10oyqAi+ezVXx0f1jpxG8BlqYsWA==

"@bufbuild/protoc-gen-es-linux-arm@0.0.8":
  version "0.0.8"
  resolved "https://registry.yarnpkg.com/@bufbuild/protoc-gen-es-linux-arm/-/protoc-gen-es-linux-arm-0.0.8.tgz#4c28d2e4cb174aa8c29a93417a59528e1fab9493"
  integrity sha512-cyMYbbo3/xA4OHAVx1RRAM2Z4JQg2b37H+z3MLTiQS8NrDAfZW7L22BikWkYPiQ66IBFvO/tnYTGghN+JRBvwA==

"@bufbuild/protoc-gen-es-netbsd-64@0.0.8":
  version "0.0.8"
  resolved "https://registry.yarnpkg.com/@bufbuild/protoc-gen-es-netbsd-64/-/protoc-gen-es-netbsd-64-0.0.8.tgz#9a67fbe48be6e0f6979215eea849c3f51efa3018"
  integrity sha512-L6EpMFGcWmG0tkIWfp2uhnkhx0NlY1gUIDmhIbGTKpemFxCXjw3D7GN6mpv6TK0k75Beenjhcjb0FXdW4Sc4fQ==

"@bufbuild/protoc-gen-es-openbsd-64@0.0.8":
  version "0.0.8"
  resolved "https://registry.yarnpkg.com/@bufbuild/protoc-gen-es-openbsd-64/-/protoc-gen-es-openbsd-64-0.0.8.tgz#9f1926eef393b1bde256e6d33a42aa7dd61b41ed"
  integrity sha512-9Pypemf9EMWc2VDNNeHaaaiznsX6hmI1TaS9YB1ngcwJef0ZCgnaMZ5kuzbH4Q++e5fLqKiLQ/rNYuz3y7i6xA==

"@bufbuild/protoc-gen-es-windows-32@0.0.8":
  version "0.0.8"
  resolved "https://registry.yarnpkg.com/@bufbuild/protoc-gen-es-windows-32/-/protoc-gen-es-windows-32-0.0.8.tgz#004c07da791ee3224145cfcdd1e1aff08dfc8225"
  integrity sha512-APc2K25XY5KeZ38h+LPjAYrCmdTWGx5ZL5f/3fNMTrzyCltOIuzH5IHQlih9xrsDo0EKqcQQPrA+PDEvNvhx4A==

"@bufbuild/protoc-gen-es-windows-64@0.0.8":
  version "0.0.8"
  resolved "https://registry.yarnpkg.com/@bufbuild/protoc-gen-es-windows-64/-/protoc-gen-es-windows-64-0.0.8.tgz#629b9cf50dae33977d54abf13b6c712d93678865"
  integrity sha512-qhJaDOWPbRSfpgijAw02Hd0KeW3PDmJoyHmI/c8+3VPKcHfzp+/wjZmWDJfaxQvc6gglbn6i+QA8c/puvD4pdQ==

"@bufbuild/protoc-gen-es-windows-arm64@0.0.8":
  version "0.0.8"
  resolved "https://registry.yarnpkg.com/@bufbuild/protoc-gen-es-windows-arm64/-/protoc-gen-es-windows-arm64-0.0.8.tgz#3f6f3a4ccf21a263966308a1049a06d51c7e9dcc"
  integrity sha512-9Fbcdx2yUns1jQnQtFwp0CJv4MW5fN5tzYhY7T8kGEL1RkheDKbfdx0mcLjofYLJ7eH/zNZYWte4FQ8BrbVbRg==

"@bufbuild/protoc-gen-es@^0.0.8":
  version "0.0.8"
  resolved "https://registry.yarnpkg.com/@bufbuild/protoc-gen-es/-/protoc-gen-es-0.0.8.tgz#d6ecece9e916c89c8138a4b0377f0e80ab70729d"
  integrity sha512-k2/YmhnL8fcKvJe6bygrVvyGPXIN9QoT4qMbiVCnaJzkohFacWSkclqUs/OA7E5gzAmC/ay63xHNqKuQC2oAPw==
  optionalDependencies:
    "@bufbuild/protoc-gen-es-darwin-64" "0.0.8"
    "@bufbuild/protoc-gen-es-darwin-arm64" "0.0.8"
    "@bufbuild/protoc-gen-es-freebsd-64" "0.0.8"
    "@bufbuild/protoc-gen-es-freebsd-arm64" "0.0.8"
    "@bufbuild/protoc-gen-es-linux-32" "0.0.8"
    "@bufbuild/protoc-gen-es-linux-64" "0.0.8"
    "@bufbuild/protoc-gen-es-linux-arm" "0.0.8"
    "@bufbuild/protoc-gen-es-linux-arm64" "0.0.8"
    "@bufbuild/protoc-gen-es-netbsd-64" "0.0.8"
    "@bufbuild/protoc-gen-es-openbsd-64" "0.0.8"
    "@bufbuild/protoc-gen-es-windows-32" "0.0.8"
    "@bufbuild/protoc-gen-es-windows-64" "0.0.8"
    "@bufbuild/protoc-gen-es-windows-arm64" "0.0.8"

esbuild-android-64@0.14.49:
  version "0.14.49"
  resolved "https://registry.yarnpkg.com/esbuild-android-64/-/esbuild-android-64-0.14.49.tgz#9e4682c36dcf6e7b71b73d2a3723a96e0fdc5054"
  integrity sha512-vYsdOTD+yi+kquhBiFWl3tyxnj2qZJsl4tAqwhT90ktUdnyTizgle7TjNx6Ar1bN7wcwWqZ9QInfdk2WVagSww==

esbuild-android-arm64@0.14.49:
  version "0.14.49"
  resolved "https://registry.yarnpkg.com/esbuild-android-arm64/-/esbuild-android-arm64-0.14.49.tgz#9861b1f7e57d1dd1f23eeef6198561c5f34b51f6"
  integrity sha512-g2HGr/hjOXCgSsvQZ1nK4nW/ei8JUx04Li74qub9qWrStlysaVmadRyTVuW32FGIpLQyc5sUjjZopj49eGGM2g==

esbuild-darwin-64@0.14.49:
  version "0.14.49"
  resolved "https://registry.yarnpkg.com/esbuild-darwin-64/-/esbuild-darwin-64-0.14.49.tgz#fd30a5ebe28704a3a117126c60f98096c067c8d1"
  integrity sha512-3rvqnBCtX9ywso5fCHixt2GBCUsogNp9DjGmvbBohh31Ces34BVzFltMSxJpacNki96+WIcX5s/vum+ckXiLYg==

esbuild-darwin-arm64@0.14.49:
  version "0.14.49"
  resolved "https://registry.yarnpkg.com/esbuild-darwin-arm64/-/esbuild-darwin-arm64-0.14.49.tgz#c04a3a57dad94a972c66a697a68a25aa25947f41"
  integrity sha512-XMaqDxO846srnGlUSJnwbijV29MTKUATmOLyQSfswbK/2X5Uv28M9tTLUJcKKxzoo9lnkYPsx2o8EJcTYwCs/A==

esbuild-freebsd-64@0.14.49:
  version "0.14.49"
  resolved "https://registry.yarnpkg.com/esbuild-freebsd-64/-/esbuild-freebsd-64-0.14.49.tgz#c404dbd66c98451395b1eef0fa38b73030a7be82"
  integrity sha512-NJ5Q6AjV879mOHFri+5lZLTp5XsO2hQ+KSJYLbfY9DgCu8s6/Zl2prWXVANYTeCDLlrIlNNYw8y34xqyLDKOmQ==

esbuild-freebsd-arm64@0.14.49:
  version "0.14.49"
  resolved "https://registry.yarnpkg.com/esbuild-freebsd-arm64/-/esbuild-freebsd-arm64-0.14.49.tgz#b62cec96138ebc5937240ce3e1b97902963ea74a"
  integrity sha512-lFLtgXnAc3eXYqj5koPlBZvEbBSOSUbWO3gyY/0+4lBdRqELyz4bAuamHvmvHW5swJYL7kngzIZw6kdu25KGOA==

esbuild-linux-32@0.14.49:
  version "0.14.49"
  resolved "https://registry.yarnpkg.com/esbuild-linux-32/-/esbuild-linux-32-0.14.49.tgz#495b1cc011b8c64d8bbaf65509c1e7135eb9ddbf"
  integrity sha512-zTTH4gr2Kb8u4QcOpTDVn7Z8q7QEIvFl/+vHrI3cF6XOJS7iEI1FWslTo3uofB2+mn6sIJEQD9PrNZKoAAMDiA==

esbuild-linux-64@0.14.49:
  version "0.14.49"
  resolved "https://registry.yarnpkg.com/esbuild-linux-64/-/esbuild-linux-64-0.14.49.tgz#3f28dd8f986e6ff42f38888ee435a9b1fb916a56"
  integrity sha512-hYmzRIDzFfLrB5c1SknkxzM8LdEUOusp6M2TnuQZJLRtxTgyPnZZVtyMeCLki0wKgYPXkFsAVhi8vzo2mBNeTg==

esbuild-linux-arm64@0.14.49:
  version "0.14.49"
  resolved "https://registry.yarnpkg.com/esbuild-linux-arm64/-/esbuild-linux-arm64-0.14.49.tgz#a52e99ae30246566dc5f33e835aa6ca98ef70e33"
  integrity sha512-KLQ+WpeuY+7bxukxLz5VgkAAVQxUv67Ft4DmHIPIW+2w3ObBPQhqNoeQUHxopoW/aiOn3m99NSmSV+bs4BSsdA==

esbuild-linux-arm@0.14.49:
  version "0.14.49"
  resolved "https://registry.yarnpkg.com/esbuild-linux-arm/-/esbuild-linux-arm-0.14.49.tgz#7c33d05a64ec540cf7474834adaa57b3167bbe97"
  integrity sha512-iE3e+ZVv1Qz1Sy0gifIsarJMQ89Rpm9mtLSRtG3AH0FPgAzQ5Z5oU6vYzhc/3gSPi2UxdCOfRhw2onXuFw/0lg==

esbuild-linux-mips64le@0.14.49:
  version "0.14.49"
  resolved "https://registry.yarnpkg.com/esbuild-linux-mips64le/-/esbuild-linux-mips64le-0.14.49.tgz#ed062bd844b587be649443831eb84ba304685f25"
  integrity sha512-n+rGODfm8RSum5pFIqFQVQpYBw+AztL8s6o9kfx7tjfK0yIGF6tm5HlG6aRjodiiKkH2xAiIM+U4xtQVZYU4rA==

esbuild-linux-ppc64le@0.14.49:
  version "0.14.49"
  resolved "https://registry.yarnpkg.com/esbuild-linux-ppc64le/-/esbuild-linux-ppc64le-0.14.49.tgz#c0786fb5bddffd90c10a2078181513cbaf077958"
  integrity sha512-WP9zR4HX6iCBmMFH+XHHng2LmdoIeUmBpL4aL2TR8ruzXyT4dWrJ5BSbT8iNo6THN8lod6GOmYDLq/dgZLalGw==

esbuild-linux-riscv64@0.14.49:
  version "0.14.49"
  resolved "https://registry.yarnpkg.com/esbuild-linux-riscv64/-/esbuild-linux-riscv64-0.14.49.tgz#579b0e7cc6fce4bfc698e991a52503bb616bec49"
  integrity sha512-h66ORBz+Dg+1KgLvzTVQEA1LX4XBd1SK0Fgbhhw4akpG/YkN8pS6OzYI/7SGENiN6ao5hETRDSkVcvU9NRtkMQ==

esbuild-linux-s390x@0.14.49:
  version "0.14.49"
  resolved "https://registry.yarnpkg.com/esbuild-linux-s390x/-/esbuild-linux-s390x-0.14.49.tgz#09eb15c753e249a500b4e28d07c5eef7524a9740"
  integrity sha512-DhrUoFVWD+XmKO1y7e4kNCqQHPs6twz6VV6Uezl/XHYGzM60rBewBF5jlZjG0nCk5W/Xy6y1xWeopkrhFFM0sQ==

esbuild-netbsd-64@0.14.49:
  version "0.14.49"
  resolved "https://registry.yarnpkg.com/esbuild-netbsd-64/-/esbuild-netbsd-64-0.14.49.tgz#f7337cd2bddb7cc9d100d19156f36c9ca117b58d"
  integrity sha512-BXaUwFOfCy2T+hABtiPUIpWjAeWK9P8O41gR4Pg73hpzoygVGnj0nI3YK4SJhe52ELgtdgWP/ckIkbn2XaTxjQ==

esbuild-openbsd-64@0.14.49:
  version "0.14.49"
  resolved "https://registry.yarnpkg.com/esbuild-openbsd-64/-/esbuild-openbsd-64-0.14.49.tgz#1f8bdc49f8a44396e73950a3fb6b39828563631d"
  integrity sha512-lP06UQeLDGmVPw9Rg437Btu6J9/BmyhdoefnQ4gDEJTtJvKtQaUcOQrhjTq455ouZN4EHFH1h28WOJVANK41kA==

esbuild-sunos-64@0.14.49:
  version "0.14.49"
  resolved "https://registry.yarnpkg.com/esbuild-sunos-64/-/esbuild-sunos-64-0.14.49.tgz#47d042739365b61aa8ca642adb69534a8eef9f7a"
  integrity sha512-4c8Zowp+V3zIWje329BeLbGh6XI9c/rqARNaj5yPHdC61pHI9UNdDxT3rePPJeWcEZVKjkiAS6AP6kiITp7FSw==

esbuild-windows-32@0.14.49:
  version "0.14.49"
  resolved "https://registry.yarnpkg.com/esbuild-windows-32/-/esbuild-windows-32-0.14.49.tgz#79198c88ec9bde163c18a6b430c34eab098ec21a"
  integrity sha512-q7Rb+J9yHTeKr9QTPDYkqfkEj8/kcKz9lOabDuvEXpXuIcosWCJgo5Z7h/L4r7rbtTH4a8U2FGKb6s1eeOHmJA==

esbuild-windows-64@0.14.49:
  version "0.14.49"
  resolved "https://registry.yarnpkg.com/esbuild-windows-64/-/esbuild-windows-64-0.14.49.tgz#b36b230d18d1ee54008e08814c4799c7806e8c79"
  integrity sha512-+Cme7Ongv0UIUTniPqfTX6mJ8Deo7VXw9xN0yJEN1lQMHDppTNmKwAM3oGbD/Vqff+07K2gN0WfNkMohmG+dVw==

esbuild-windows-arm64@0.14.49:
  version "0.14.49"
  resolved "https://registry.yarnpkg.com/esbuild-windows-arm64/-/esbuild-windows-arm64-0.14.49.tgz#d83c03ff6436caf3262347cfa7e16b0a8049fae7"
  integrity sha512-v+HYNAXzuANrCbbLFJ5nmO3m5y2PGZWLe3uloAkLt87aXiO2mZr3BTmacZdjwNkNEHuH3bNtN8cak+mzVjVPfA==

esbuild@^0.14.49:
  version "0.14.49"
  resolved "https://registry.yarnpkg.com/esbuild/-/esbuild-0.14.49.tgz#b82834760eba2ddc17b44f05cfcc0aaca2bae492"
  integrity sha512-/TlVHhOaq7Yz8N1OJrjqM3Auzo5wjvHFLk+T8pIue+fhnhIMpfAzsG6PLVMbFveVxqD2WOp3QHei+52IMUNmCw==
  optionalDependencies:
    esbuild-android-64 "0.14.49"
    esbuild-android-arm64 "0.14.49"
    esbuild-darwin-64 "0.14.49"
    esbuild-darwin-arm64 "0.14.49"
    esbuild-freebsd-64 "0.14.49"
    esbuild-freebsd-arm64 "0.14.49"
    esbuild-linux-32 "0.14.49"
    esbuild-linux-64 "0.14.49"
    esbuild-linux-arm "0.14.49"
    esbuild-linux-arm64 "0.14.49"
    esbuild-linux-mips64le "0.14.49"
    esbuild-linux-ppc64le "0.14.49"
    esbuild-linux-riscv64 "0.14.49"
    esbuild-linux-s390x "0.14.49"
    esbuild-netbsd-64 "0.14.49"
    esbuild-openbsd-64 "0.14.49"
    esbuild-sunos-64 "0.14.49"
    esbuild-windows-32 "0.14.49"
    esbuild-windows-64 "0.14.49"
    esbuild-windows-arm64 "0.14.49"

"js-tokens@^3.0.0 || ^4.0.0":
  version "4.0.0"
  resolved "https://registry.yarnpkg.com/js-tokens/-/js-tokens-4.0.0.tgz#19203fb59991df98e3a287050d4647cdeaf32499"
  integrity sha512-RdJUflcE3cUzKiMqQgsCu06FPu9UdIJO0beYbPhHN4k6apgJtifcoCtT9bcxOpYBtpD2kCM6Sbzg4CausW/PKQ==

loose-envify@^1.1.0:
  version "1.4.0"
  resolved "https://registry.yarnpkg.com/loose-envify/-/loose-envify-1.4.0.tgz#71ee51fa7be4caec1a63839f7e682d8132d30caf"
  integrity sha512-lyuxPGr/Wfhrlem2CL/UcnUc1zcqKAImBDzukY7Y5F/yQiNdko6+fRLevlw1HgMySw7f611UIY408EtxRSoK3Q==
  dependencies:
    js-tokens "^3.0.0 || ^4.0.0"

react-dom@^18.2.0:
  version "18.2.0"
  resolved "https://registry.yarnpkg.com/react-dom/-/react-dom-18.2.0.tgz#22aaf38708db2674ed9ada224ca4aa708d821e3d"
  integrity sha512-6IMTriUmvsjHUjNtEDudZfuDQUoWXVxKHhlEGSk81n4YFS+r/Kl99wXiwlVXtPBtJenozv2P+hxDsw9eA7Xo6g==
  dependencies:
    loose-envify "^1.1.0"
    scheduler "^0.23.0"

react@^18.2.0:
  version "18.2.0"
  resolved "https://registry.yarnpkg.com/react/-/react-18.2.0.tgz#555bd98592883255fa00de14f1151a917b5d77d5"
  integrity sha512-/3IjMdb2L9QbBdWiW5e3P2/npwMBaU9mHCSCUzNln0ZCYbcfTsGbTJrU/kGemdH2IWmB2ioZ+zkxtmq6g09fGQ==
  dependencies:
    loose-envify "^1.1.0"

scheduler@^0.23.0:
  version "0.23.0"
  resolved "https://registry.yarnpkg.com/scheduler/-/scheduler-0.23.0.tgz#ba8041afc3d30eb206a487b6b384002e4e61fdfe"
  integrity sha512-CtuThmgHNg7zIZWAXi3AsyIzA3n4xx7aNyjwC2VJldO2LMVDhFK+63xGqq6CsJH4rTAt6/M+N4GhZiDYPx9eUw==
  dependencies:
    loose-envify "^1.1.0"

tsc@^2.0.4:
  version "2.0.4"
  resolved "https://registry.yarnpkg.com/tsc/-/tsc-2.0.4.tgz#5f6499146abea5dca4420b451fa4f2f9345238f5"
  integrity sha512-fzoSieZI5KKJVBYGvwbVZs/J5za84f2lSTLPYf6AGiIf43tZ3GNrI1QzTLcjtyDDP4aLxd46RTZq1nQxe7+k5Q==

typescript@^4.7.4:
  version "4.7.4"
  resolved "https://registry.yarnpkg.com/typescript/-/typescript-4.7.4.tgz#1a88596d1cf47d59507a1bcdfb5b9dfe4d488235"
  integrity sha512-C0WQT0gezHuw6AdY1M2jxUO83Rjf0HP7Sk1DtXj6j1EwkQNZrHAg2XPWlq62oqEhYvONq5pkC2Y9oPljWToLmQ==
